
Microsoft Visual Studio Solution File, Format Version 12.00
# Visual Studio Version 16
VisualStudioVersion = 16.0.29519.181
MinimumVisualStudioVersion = 10.0.40219.1
Project("{FAE04EC0-301F-11D3-BF4B-00C04F79EFBC}") = "asp.net-core-ci", "asp.net-core-ci.csproj", "{06F0A3DF-4371-4E38-B37B-730053CC8061}"
EndProject
Global
	GlobalSection(SolutionConfigurationPlatforms) = preSolution
		Debug|Any CPU = Debug|Any CPU
		Release|Any CPU = Release|Any CPU
	EndGlobalSection
	GlobalSection(ProjectConfigurationPlatforms) = postSolution
		{06F0A3DF-4371-4E38-B37B-730053CC8061}.Debug|Any CPU.ActiveCfg = Debug|Any CPU
		{06F0A3DF-4371-4E38-B37B-730053CC8061}.Debug|Any CPU.Build.0 = Debug|Any CPU
		{06F0A3DF-4371-4E38-B37B-730053CC8061}.Release|Any CPU.ActiveCfg = Release|Any CPU
		{06F0A3DF-4371-4E38-B37B-730053CC8061}.Release|Any CPU.Build.0 = Release|Any CPU
	EndGlobalSection
	GlobalSection(SolutionProperties) = preSolution
		HideSolutionNode = FALSE
	EndGlobalSection
	GlobalSection(ExtensibilityGlobals) = postSolution
		SolutionGuid = {7BE8B3D3-1DB0-4E5D-8760-934FD8CD1BF1}
	EndGlobalSection
EndGlobal
